
Microsoft Visual Studio Solution File, Format Version 12.00
# Visual Studio Version 16
VisualStudioVersion = 16.0.30611.23
MinimumVisualStudioVersion = 10.0.40219.1
Project("{FAE04EC0-301F-11D3-BF4B-00C04F79EFBC}") = "CyberBabushka", "CyberBabushka\CyberBabushka.csproj", "{4A1A928E-1CD6-4705-9A9C-28F9F2100A3B}"
EndProject
Global
	GlobalSection(SolutionConfigurationPlatforms) = preSolution
		Debug|Any CPU = Debug|Any CPU
		Release|Any CPU = Release|Any CPU
	EndGlobalSection
	GlobalSection(ProjectConfigurationPlatforms) = postSolution
		{4A1A928E-1CD6-4705-9A9C-28F9F2100A3B}.Debug|Any CPU.ActiveCfg = Debug|Any CPU
		{4A1A928E-1CD6-4705-9A9C-28F9F2100A3B}.Debug|Any CPU.Build.0 = Debug|Any CPU
		{4A1A928E-1CD6-4705-9A9C-28F9F2100A3B}.Release|Any CPU.ActiveCfg = Release|Any CPU
		{4A1A928E-1CD6-4705-9A9C-28F9F2100A3B}.Release|Any CPU.Build.0 = Release|Any CPU
	EndGlobalSection
	GlobalSection(SolutionProperties) = preSolution
		HideSolutionNode = FALSE
	EndGlobalSection
	GlobalSection(ExtensibilityGlobals) = postSolution
		SolutionGuid = {8209880D-3139-4586-9005-419B64F73EBD}
	EndGlobalSection
EndGlobal
